{
  "name": "vertices",
  "version": "1.0.0",
  "lockfileVersion": 1,
  "requires": true,
  "dependencies": {
    "jquery": {
      "version": "3.2.1",
      "resolved": "https://registry.npmjs.org/jquery/-/jquery-3.2.1.tgz",
      "integrity": "sha1-XE2d5lKvbNCncBVKYxu6ErAVx4c="
    },
    "statik": {
      "version": "1.4.6",
      "resolved": "https://registry.npmjs.org/statik/-/statik-1.4.6.tgz",
      "integrity": "sha1-jJw9HHxyZ2XwbJPZ1fhCLx33u7s=",
      "dev": true,
      "requires": {
        "connect": "2.11.2",
        "extend": "1.2.1",
        "nopt": "2.1.2"
      },
      "dependencies": {
        "connect": {
          "version": "2.11.2",
          "resolved": "https://registry.npmjs.org/connect/-/connect-2.11.2.tgz",
          "integrity": "sha1-zQXGYfaG3+m80uEiDIX+goSNsBA=",
          "dev": true,
          "requires": {
            "buffer-crc32": "0.2.1",
            "bytes": "0.2.1",
            "cookie": "0.1.0",
            "cookie-signature": "1.0.1",
            "debug": "0.8.1",
            "fresh": "0.2.0",
            "methods": "0.1.0",
            "multiparty": "2.2.0",
            "negotiator": "0.3.0",
            "pause": "0.0.1",
            "qs": "0.6.5",
            "raw-body": "1.1.2",
            "send": "0.1.4",
            "uid2": "0.0.3"
          },
          "dependencies": {
            "buffer-crc32": {
              "version": "0.2.1",
              "resolved": "https://registry.npmjs.org/buffer-crc32/-/buffer-crc32-0.2.1.tgz",
              "integrity": "sha1-vj5TgvwCttYySVasGvmKqYsIU0w=",
              "dev": true
            },
            "bytes": {
              "version": "0.2.1",
              "resolved": "https://registry.npmjs.org/bytes/-/bytes-0.2.1.tgz",
              "integrity": "sha1-VVsIq8sGP4l1kFMCUj5M1P/f3zE=",
              "dev": true
            },
            "cookie": {
              "version": "0.1.0",
              "resolved": "https://registry.npmjs.org/cookie/-/cookie-0.1.0.tgz",
              "integrity": "sha1-kOtGndzpBchm3mh+/EMTHYgB+dA=",
              "dev": true
            },
            "cookie-signature": {
              "version": "1.0.1",
              "resolved": "https://registry.npmjs.org/cookie-signature/-/cookie-signature-1.0.1.tgz",
              "integrity": "sha1-ROByFIrwHm6OJK+/EmkNaK5pjss=",
              "dev": true
            },
            "debug": {
              "version": "0.8.1",
              "resolved": "https://registry.npmjs.org/debug/-/debug-0.8.1.tgz",
              "integrity": "sha1-IP9NJvXkIstoobrLu2EDmtjBwTA=",
              "dev": true
            },
            "fresh": {
              "version": "0.2.0",
              "resolved": "https://registry.npmjs.org/fresh/-/fresh-0.2.0.tgz",
              "integrity": "sha1-v9lALPPfEsSkwxDHn5mj3eE9NKc=",
              "dev": true
            },
            "methods": {
              "version": "0.1.0",
              "resolved": "https://registry.npmjs.org/methods/-/methods-0.1.0.tgz",
              "integrity": "sha1-M11Cnu/SG3us8unJIqjSvRSjDk8=",
              "dev": true
            },
            "multiparty": {
              "version": "2.2.0",
              "resolved": "https://registry.npmjs.org/multiparty/-/multiparty-2.2.0.tgz",
              "integrity": "sha1-pWfCrwAK0i3I8qZT2Rl4rh9TFvQ=",
              "dev": true,
              "requires": {
                "readable-stream": "1.1.13",
                "stream-counter": "0.2.0"
              },
              "dependencies": {
                "readable-stream": {
                  "version": "1.1.13",
                  "resolved": "https://registry.npmjs.org/readable-stream/-/readable-stream-1.1.13.tgz",
                  "integrity": "sha1-9u73ZPUUyJ4rniMUanW6EGdW0j4=",
                  "dev": true,
                  "requires": {
                    "core-util-is": "1.0.1",
                    "inherits": "2.0.1",
                    "isarray": "0.0.1",
                    "string_decoder": "0.10.31"
                  },
                  "dependencies": {
                    "core-util-is": {
                      "version": "1.0.1",
                      "resolved": "https://registry.npmjs.org/core-util-is/-/core-util-is-1.0.1.tgz",
                      "integrity": "sha1-awcIWu+aPMrG7lO/nT3wwVIaVTg=",
                      "dev": true
                    },
                    "inherits": {
                      "version": "2.0.1",
                      "resolved": "https://registry.npmjs.org/inherits/-/inherits-2.0.1.tgz",
                      "integrity": "sha1-sX0I0ya0Qj5Wjv9xn5GwscvfafE=",
                      "dev": true
                    },
                    "isarray": {
                      "version": "0.0.1",
                      "resolved": "https://registry.npmjs.org/isarray/-/isarray-0.0.1.tgz",
                      "integrity": "sha1-ihis/Kmo9Bd+Cav8YDiTmwXR7t8=",
                      "dev": true
                    },
                    "string_decoder": {
                      "version": "0.10.31",
                      "resolved": "https://registry.npmjs.org/string_decoder/-/string_decoder-0.10.31.tgz",
                      "integrity": "sha1-YuIDvEF2bGwoyfyEMB2rHFMQ+pQ=",
                      "dev": true
                    }
                  }
                },
                "stream-counter": {
                  "version": "0.2.0",
                  "resolved": "https://registry.npmjs.org/stream-counter/-/stream-counter-0.2.0.tgz",
                  "integrity": "sha1-3tJmVWMZyLDiIoErnPOyb6fZR94=",
                  "dev": true,
                  "requires": {
                    "readable-stream": "1.1.13"
                  }
                }
              }
            },
            "negotiator": {
              "version": "0.3.0",
              "resolved": "https://registry.npmjs.org/negotiator/-/negotiator-0.3.0.tgz",
              "integrity": "sha1-cG1pLv7d9XTVfqn7GriaT6fuj2A=",
              "dev": true
            },
            "pause": {
              "version": "0.0.1",
              "resolved": "https://registry.npmjs.org/pause/-/pause-0.0.1.tgz",
              "integrity": "sha1-HUCLP9t2kjuVQ9lvtMnf1TXZy10=",
              "dev": true
            },
            "qs": {
              "version": "0.6.5",
              "resolved": "https://registry.npmjs.org/qs/-/qs-0.6.5.tgz",
              "integrity": "sha1-KUsmjksNQlD23eGbO4s0k13/FO8=",
              "dev": true
            },
            "raw-body": {
              "version": "1.1.2",
              "resolved": "https://registry.npmjs.org/raw-body/-/raw-body-1.1.2.tgz",
              "integrity": "sha1-x0swBN6l3v0WlhcRBqx0DsMdYr4=",
              "dev": true,
              "requires": {
                "bytes": "0.2.1"
              }
            },
            "send": {
              "version": "0.1.4",
              "resolved": "https://registry.npmjs.org/send/-/send-0.1.4.tgz",
              "integrity": "sha1-vnDY0b4B3mGCGvE3gLUDRaT3Gr0=",
              "dev": true,
              "requires": {
                "debug": "0.8.1",
                "fresh": "0.2.0",
                "mime": "1.2.11",
                "range-parser": "0.0.4"
              },
              "dependencies": {
                "mime": {
                  "version": "1.2.11",
                  "resolved": "https://registry.npmjs.org/mime/-/mime-1.2.11.tgz",
                  "integrity": "sha1-WCA+7Ybjpe8XrtK32evUfwpg3RA=",
                  "dev": true
                },
                "range-parser": {
                  "version": "0.0.4",
                  "resolved": "https://registry.npmjs.org/range-parser/-/range-parser-0.0.4.tgz",
                  "integrity": "sha1-wEJ//vUcEKy6B4KkbJYC50T/Ygs=",
                  "dev": true
                }
              }
            },
            "uid2": {
              "version": "0.0.3",
              "resolved": "https://registry.npmjs.org/uid2/-/uid2-0.0.3.tgz",
              "integrity": "sha1-SDEm4Rd03y9xuLY53NeZw3YWK4I=",
              "dev": true
            }
          }
        },
        "extend": {
          "version": "1.2.1",
          "resolved": "https://registry.npmjs.org/extend/-/extend-1.2.1.tgz",
          "integrity": "sha1-oPX9bPyDpf5J72mNYOyKYk3UV2w=",
          "dev": true
        },
        "nopt": {
          "version": "2.1.2",
          "resolved": "https://registry.npmjs.org/nopt/-/nopt-2.1.2.tgz",
          "integrity": "sha1-bMzZd7gBMqB3MdbozljCyDA8+a8=",
          "dev": true,
          "requires": {
            "abbrev": "1.0.5"
          },
          "dependencies": {
            "abbrev": {
              "version": "1.0.5",
              "resolved": "https://registry.npmjs.org/abbrev/-/abbrev-1.0.5.tgz",
              "integrity": "sha1-XYJXvZ6+Q15piy+kMa/eT+exCwM=",
              "dev": true
            }
          }
        }
      }
    }
  }
}
